
Microsoft Visual Studio Solution File, Format Version 12.00
# Visual Studio 14
VisualStudioVersion = 14.0.25420.1
MinimumVisualStudioVersion = 10.0.40219.1
Project("{FAE04EC0-301F-11D3-BF4B-00C04F79EFBC}") = "singletone", "singletone\singletone.csproj", "{DB1F9A9E-FF18-4A85-9896-3EC363D514F6}"
EndProject
Project("{FAE04EC0-301F-11D3-BF4B-00C04F79EFBC}") = "prototype", "prototype\prototype.csproj", "{058B4BA1-83F4-4283-9A77-A956B848ED47}"
EndProject
Project("{FAE04EC0-301F-11D3-BF4B-00C04F79EFBC}") = "Builder", "Builder\Builder.csproj", "{446CB750-1C1B-4682-B20D-175691FCDC78}"
EndProject
Project("{FAE04EC0-301F-11D3-BF4B-00C04F79EFBC}") = "strategy", "strategy\strategy.csproj", "{05E3E5AC-9A17-431C-B0CD-52F94307B4F6}"
EndProject
Project("{FAE04EC0-301F-11D3-BF4B-00C04F79EFBC}") = "observer", "observer\observer.csproj", "{4D261ED8-A99C-4D6C-867A-9F1C5BA9A7FE}"
EndProject
Global
	GlobalSection(SolutionConfigurationPlatforms) = preSolution
		Debug|Any CPU = Debug|Any CPU
		Release|Any CPU = Release|Any CPU
	EndGlobalSection
	GlobalSection(ProjectConfigurationPlatforms) = postSolution
		{DB1F9A9E-FF18-4A85-9896-3EC363D514F6}.Debug|Any CPU.ActiveCfg = Debug|Any CPU
		{DB1F9A9E-FF18-4A85-9896-3EC363D514F6}.Debug|Any CPU.Build.0 = Debug|Any CPU
		{DB1F9A9E-FF18-4A85-9896-3EC363D514F6}.Release|Any CPU.ActiveCfg = Release|Any CPU
		{DB1F9A9E-FF18-4A85-9896-3EC363D514F6}.Release|Any CPU.Build.0 = Release|Any CPU
		{058B4BA1-83F4-4283-9A77-A956B848ED47}.Debug|Any CPU.ActiveCfg = Debug|Any CPU
		{058B4BA1-83F4-4283-9A77-A956B848ED47}.Debug|Any CPU.Build.0 = Debug|Any CPU
		{058B4BA1-83F4-4283-9A77-A956B848ED47}.Release|Any CPU.ActiveCfg = Release|Any CPU
		{058B4BA1-83F4-4283-9A77-A956B848ED47}.Release|Any CPU.Build.0 = Release|Any CPU
		{446CB750-1C1B-4682-B20D-175691FCDC78}.Debug|Any CPU.ActiveCfg = Debug|Any CPU
		{446CB750-1C1B-4682-B20D-175691FCDC78}.Debug|Any CPU.Build.0 = Debug|Any CPU
		{446CB750-1C1B-4682-B20D-175691FCDC78}.Release|Any CPU.ActiveCfg = Release|Any CPU
		{446CB750-1C1B-4682-B20D-175691FCDC78}.Release|Any CPU.Build.0 = Release|Any CPU
		{05E3E5AC-9A17-431C-B0CD-52F94307B4F6}.Debug|Any CPU.ActiveCfg = Debug|Any CPU
		{05E3E5AC-9A17-431C-B0CD-52F94307B4F6}.Debug|Any CPU.Build.0 = Debug|Any CPU
		{05E3E5AC-9A17-431C-B0CD-52F94307B4F6}.Release|Any CPU.ActiveCfg = Release|Any CPU
		{05E3E5AC-9A17-431C-B0CD-52F94307B4F6}.Release|Any CPU.Build.0 = Release|Any CPU
		{4D261ED8-A99C-4D6C-867A-9F1C5BA9A7FE}.Debug|Any CPU.ActiveCfg = Debug|Any CPU
		{4D261ED8-A99C-4D6C-867A-9F1C5BA9A7FE}.Debug|Any CPU.Build.0 = Debug|Any CPU
		{4D261ED8-A99C-4D6C-867A-9F1C5BA9A7FE}.Release|Any CPU.ActiveCfg = Release|Any CPU
		{4D261ED8-A99C-4D6C-867A-9F1C5BA9A7FE}.Release|Any CPU.Build.0 = Release|Any CPU
	EndGlobalSection
	GlobalSection(SolutionProperties) = preSolution
		HideSolutionNode = FALSE
	EndGlobalSection
EndGlobal
